{
  "name": "revealjs-build-html",
  "version": "0.0.0",
  "lockfileVersion": 3,
  "requires": true,
  "packages": {
    "": {
      "name": "revealjs-build-html",
      "version": "0.0.0",
      "license": "MIT",
      "dependencies": {
        "katex": "0.18.9",
        "reveal.js": "6.0.2"
      }
    },
    "node_modules/commander": {
      "version": "15.0.0",
      "resolved": "https://registry.npmjs.org/commander/-/commander-15.0.0.tgz",
      "integrity": "sha512-z67u4ZhzCL/Tydu1lJARtEZYWbWaN7oYLHbsuzocr6y4N6WZAagG3RQ4FW61V1/0+jImpj293XfrcYnd1qxtPg==",
      "license": "MIT",
      "engines": {
        "node": ">=22.12.0"
      }
    },
    "node_modules/katex": {
      "version": "0.18.9",
      "resolved": "https://registry.npmjs.org/katex/-/katex-0.18.9.tgz",
      "integrity": "sha512-8ad9RyoKsb/g8/yLFE+KAlP+DhbCTRUNi/V9XGsxn0R+trJJltNwzcDNo0q/DEkOy5fQUQTAQyCXCYSE+OakTQ==",
      "funding": [
        "https://opencollective.com/katex",
        "https://github.com/sponsors/katex"
      ],
      "license": "MIT",
      "dependencies": {
        "commander": "^15.0.0"
      },
      "bin": {
        "katex": "cli.js"
      }
    },
    "node_modules/reveal.js": {
      "version": "6.0.2",
      "resolved": "https://registry.npmjs.org/reveal.js/-/reveal.js-6.0.2.tgz",
      "integrity": "sha512-JYIg5D9aoxoaLeb84O+OvAwsKWdIavVgEDScxtYEXFCT6t6TQrhNtSgogcjdCpdLsWglhJn3zyE3fUOwiH5KEg==",
      "license": "MIT"
    }
  }
}
